PODS:
  - AppAuth (1.6.1):
    - AppAuth/Core (= 1.6.1)
    - AppAuth/ExternalUserAgent (= 1.6.1)
  - AppAuth/Core (1.6.1)
  - AppAuth/ExternalUserAgent (1.6.1):
    - AppAuth/Core
  - Capacitor (4.7.3):
    - CapacitorCordova
  - CapacitorApp (5.0.2):
    - Capacitor
  - CapacitorAppLauncher (5.0.2):
    - Capacitor
  - CapacitorCordova (4.7.3)
  - CapacitorDevice (5.0.2):
    - Capacitor
  - CapacitorGeolocation (5.0.1):
    - Capacitor
  - CapacitorGoogleMaps (4.5.0):
    - Capacitor
    - Google-Maps-iOS-Utils (~> 4.1.0)
    - GoogleMaps (~> 6.0.0)
  - CapacitorKeyboard (4.1.1):
    - Capacitor
  - CapacitorLocalNotifications (5.0.2):
    - Capacitor
  - CapacitorNativeSettings (5.0.0):
    - Capacitor
  - CapacitorPreferences (4.0.2):
    - Capacitor
  - CapacitorSplashScreen (5.0.2):
    - Capacitor
  - CodetrixStudioCapacitorGoogleAuth (0.0.1):
    - Capacitor
    - GoogleSignIn (~> 6.2.4)
  - Google-Maps-iOS-Utils (4.1.0):
    - Google-Maps-iOS-Utils/Clustering (= 4.1.0)
    - Google-Maps-iOS-Utils/Geometry (= 4.1.0)
    - Google-Maps-iOS-Utils/GeometryUtils (= 4.1.0)
    - Google-Maps-iOS-Utils/Heatmap (= 4.1.0)
    - Google-Maps-iOS-Utils/QuadTree (= 4.1.0)
    - GoogleMaps
  - Google-Maps-iOS-Utils/Clustering (4.1.0):
    - Google-Maps-iOS-Utils/QuadTree
    - GoogleMaps
  - Google-Maps-iOS-Utils/Geometry (4.1.0):
    - GoogleMaps
  - Google-Maps-iOS-Utils/GeometryUtils (4.1.0):
    - GoogleMaps
  - Google-Maps-iOS-Utils/Heatmap (4.1.0):
    - Google-Maps-iOS-Utils/QuadTree
    - GoogleMaps
  - Google-Maps-iOS-Utils/QuadTree (4.1.0):
    - GoogleMaps
  - GoogleMaps (6.0.1):
    - GoogleMaps/Maps (= 6.0.1)
  - GoogleMaps/Base (6.0.1)
  - GoogleMaps/Maps (6.0.1):
    - GoogleMaps/Base
  - GoogleSignIn (6.2.4):
    - AppAuth (~> 1.5)
    - GTMAppAuth (~> 1.3)
    - GTMSessionFetcher/Core (< 3.0, >= 1.1)
  - GTMAppAuth (1.3.1):
    - AppAuth/Core (~> 1.6)
    - GTMSessionFetcher/Core (< 3.0, >= 1.5)
  - GTMSessionFetcher/Core (2.3.0)

DEPENDENCIES:
  - "Capacitor (from `../../node_modules/@capacitor/ios`)"
  - "CapacitorApp (from `../../node_modules/@capacitor/app`)"
  - "CapacitorAppLauncher (from `../../node_modules/@capacitor/app-launcher`)"
  - "CapacitorCordova (from `../../node_modules/@capacitor/ios`)"
  - "CapacitorDevice (from `../../node_modules/@capacitor/device`)"
  - "CapacitorGeolocation (from `../../node_modules/@capacitor/geolocation`)"
  - "CapacitorGoogleMaps (from `../../node_modules/@capacitor/google-maps`)"
  - "CapacitorKeyboard (from `../../node_modules/@capacitor/keyboard`)"
  - "CapacitorLocalNotifications (from `../../node_modules/@capacitor/local-notifications`)"
  - CapacitorNativeSettings (from `../../node_modules/capacitor-native-settings`)
  - "CapacitorPreferences (from `../../node_modules/@capacitor/preferences`)"
  - "CapacitorSplashScreen (from `../../node_modules/@capacitor/splash-screen`)"
  - "CodetrixStudioCapacitorGoogleAuth (from `../../node_modules/@codetrix-studio/capacitor-google-auth`)"

SPEC REPOS:
  trunk:
    - AppAuth
    - Google-Maps-iOS-Utils
    - GoogleMaps
    - GoogleSignIn
    - GTMAppAuth
    - GTMSessionFetcher

EXTERNAL SOURCES:
  Capacitor:
    :path: "../../node_modules/@capacitor/ios"
  CapacitorApp:
    :path: "../../node_modules/@capacitor/app"
  CapacitorAppLauncher:
    :path: "../../node_modules/@capacitor/app-launcher"
  CapacitorCordova:
    :path: "../../node_modules/@capacitor/ios"
  CapacitorDevice:
    :path: "../../node_modules/@capacitor/device"
  CapacitorGeolocation:
    :path: "../../node_modules/@capacitor/geolocation"
  CapacitorGoogleMaps:
    :path: "../../node_modules/@capacitor/google-maps"
  CapacitorKeyboard:
    :path: "../../node_modules/@capacitor/keyboard"
  CapacitorLocalNotifications:
    :path: "../../node_modules/@capacitor/local-notifications"
  CapacitorNativeSettings:
    :path: "../../node_modules/capacitor-native-settings"
  CapacitorPreferences:
    :path: "../../node_modules/@capacitor/preferences"
  CapacitorSplashScreen:
    :path: "../../node_modules/@capacitor/splash-screen"
  CodetrixStudioCapacitorGoogleAuth:
    :path: "../../node_modules/@codetrix-studio/capacitor-google-auth"

SPEC CHECKSUMS:
  AppAuth: e48b432bb4ba88b10cb2bcc50d7f3af21e78b9c2
  Capacitor: 736ef58c1aff08d3142fe3be9c7d928e47ee461d
  CapacitorApp: 28fef1fd75b2b3686e875216806fb8416d421097
  CapacitorAppLauncher: 222eb443f90379a47bd84c8b3ed8ec47fa7e236f
  CapacitorCordova: e8ed29bd616c9f5a81498d47c0b84179b9c6a5a6
  CapacitorDevice: 980e172f6fbfa0a945c73f908adc74b5a031e7d4
  CapacitorGeolocation: 80d87180e836e828ec8e8f40a101c61363e7a216
  CapacitorGoogleMaps: fa503662dc0553e160fbff765bdfc93947e86c7e
  CapacitorKeyboard: 16121a97b56c8609ec518ebcdc64d6386c84e5c8
  CapacitorLocalNotifications: db01feb38f85b4fd8c0a0d0fa94a4a6410239563
  CapacitorNativeSettings: 1bfca11cd2d3920ad0e319d6e4d81a99fc53255f
  CapacitorPreferences: 1d66dc32299f55ed632c5611f312878979275ea5
  CapacitorSplashScreen: bd2a056394ba0b8807e7bb3e746424f67c426e03
  CodetrixStudioCapacitorGoogleAuth: fcce058390347c1ce5d8ac4764bdf1f5c1ee233b
  Google-Maps-iOS-Utils: 3343332b18dfd5be8f1f44edd7d481ace3da4d9a
  GoogleMaps: c213fc2334b7374144cede914da779b99be0ab74
  GoogleSignIn: 5651ce3a61e56ca864160e79b484cd9ed3f49b7a
  GTMAppAuth: 0ff230db599948a9ad7470ca667337803b3fc4dd
  GTMSessionFetcher: 3a63d75eecd6aa32c2fc79f578064e1214dfdec2

PODFILE CHECKSUM: d8861c9b69190811fa61683fea54f3603e692be9

COCOAPODS: 1.11.3
